# This file is automatically @generated by Cargo.
# It is not intended for manual editing.
version = 3

[[package]]
name = "bitflags"
version = "2.0.2"
source = "registry+https://github.com/rust-lang/crates.io-index"
checksum = "487f1e0fcbe47deb8b0574e646def1c903389d95241dd1bbcc6ce4a715dfc0c1"

[[package]]
name = "fixedbitset"
version = "0.4.2"
source = "registry+https://github.com/rust-lang/crates.io-index"
checksum = "0ce7134b9999ecaf8bcd65542e436736ef32ddca1b3e06094cb6ec5755203b80"

[[package]]
name = "freeciv-rs"
version = "0.1.0"
dependencies = [
 "bitflags",
 "fixedbitset",
]
